// !$*UTF8*$!
{
	archiveVersion = 1;
	classes = {
	};
	objectVersion = 46;
	objects = {

/* Begin PBXBuildFile section */
		35B72BAD19FDDC580081E5E1 /* AppDelegate.swift in Sources */ = {isa = PBXBuildFile; fileRef = 35B72BAC19FDDC580081E5E1 /* AppDelegate.swift */; };
		35B72BAF19FDDC580081E5E1 /* ViewController.swift in Sources */ = {isa = PBXBuildFile; fileRef = 35B72BAE19FDDC580081E5E1 /* ViewController.swift */; };
		35B72BB219FDDC580081E5E1 /* Main.storyboard in Resources */ = {isa = PBXBuildFile; fileRef = 35B72BB019FDDC580081E5E1 /* Main.storyboard */; };
		35B72BB419FDDC580081E5E1 /* Images.xcassets in Resources */ = {isa = PBXBuildFile; fileRef = 35B72BB319FDDC580081E5E1 /* Images.xcassets */; };
		35B72BB719FDDC580081E5E1 /* LaunchScreen.xib in Resources */ = {isa = PBXBuildFile; fileRef = 35B72BB519FDDC580081E5E1 /* LaunchScreen.xib */; };
		35B72BC319FDDC580081E5E1 /* TinySou_DemoTests.swift in Sources */ = {isa = PBXBuildFile; fileRef = 35B72BC219FDDC580081E5E1 /* TinySou_DemoTests.swift */; };
		35B72BCE19FDDEF10081E5E1 /* TinySouClinet.swift in Sources */ = {isa = PBXBuildFile; fileRef = 35B72BCD19FDDEF10081E5E1 /* TinySouClinet.swift */; };
		35B72BD819FDEF9B0081E5E1 /* SwiftyJSON.framework in Frameworks */ = {isa = PBXBuildFile; fileRef = 35B72BD719FDEF9B0081E5E1 /* SwiftyJSON.framework */; };
		35B72BDA19FDF5DB0081E5E1 /* SwiftyJSON.swift in Sources */ = {isa = PBXBuildFile; fileRef = 35B72BD919FDF5DB0081E5E1 /* SwiftyJSON.swift */; };
/* End PBXBuildFile section */

/* Begin PBXContainerItemProxy section */
		35B72BBD19FDDC580081E5E1 /* PBXContainerItemProxy */ = {
			isa = PBXContainerItemProxy;
			containerPortal = 35B72B9F19FDDC580081E5E1 /* Project object */;
			proxyType = 1;
			remoteGlobalIDString = 35B72BA619FDDC580081E5E1;
			remoteInfo = "TinySou-Demo";
		};
/* End PBXContainerItemProxy section */

/* Begin PBXFileReference section */
		35B72BA719FDDC580081E5E1 /* TinySou-Demo.app */ = {isa = PBXFileReference; explicitFileType = wrapper.application; includeInIndex = 0; path = "TinySou-Demo.app"; sourceTree = BUILT_PRODUCTS_DIR; };
		35B72BAB19FDDC580081E5E1 /* Info.plist */ = {isa = PBXFileReference; lastKnownFileType = text.plist.xml; path = Info.plist; sourceTree = "<group>"; };
		35B72BAC19FDDC580081E5E1 /* AppDelegate.swift */ = {isa = PBXFileReference; lastKnownFileType = sourcecode.swift; path = AppDelegate.swift; sourceTree = "<group>"; };
		35B72BAE19FDDC580081E5E1 /* ViewController.swift */ = {isa = PBXFileReference; lastKnownFileType = sourcecode.swift; path = ViewController.swift; sourceTree = "<group>"; };
		35B72BB119FDDC580081E5E1 /* Base */ = {isa = PBXFileReference; lastKnownFileType = file.storyboard; name = Base; path = Base.lproj/Main.storyboard; sourceTree = "<group>"; };
		35B72BB319FDDC580081E5E1 /* Images.xcassets */ = {isa = PBXFileReference; lastKnownFileType = folder.assetcatalog; path = Images.xcassets; sourceTree = "<group>"; };
		35B72BB619FDDC580081E5E1 /* Base */ = {isa = PBXFileReference; lastKnownFileType = file.xib; name = Base; path = Base.lproj/LaunchScreen.xib; sourceTree = "<group>"; };
		35B72BBC19FDDC580081E5E1 /* TinySou-DemoTests.xctest */ = {isa = PBXFileReference; explicitFileType = wrapper.cfbundle; includeInIndex = 0; path = "TinySou-DemoTests.xctest"; sourceTree = BUILT_PRODUCTS_DIR; };
		35B72BC119FDDC580081E5E1 /* Info.plist */ = {isa = PBXFileReference; lastKnownFileType = text.plist.xml; path = Info.plist; sourceTree = "<group>"; };
		35B72BC219FDDC580081E5E1 /* TinySou_DemoTests.swift */ = {isa = PBXFileReference; lastKnownFileType = sourcecode.swift; path = TinySou_DemoTests.swift; sourceTree = "<group>"; };
		35B72BCD19FDDEF10081E5E1 /* TinySouClinet.swift */ = {isa = PBXFileReference; fileEncoding = 4; lastKnownFileType = sourcecode.swift; path = TinySouClinet.swift; sourceTree = "<group>"; };
		35B72BD719FDEF9B0081E5E1 /* SwiftyJSON.framework */ = {isa = PBXFileReference; lastKnownFileType = wrapper.framework; name = SwiftyJSON.framework; path = "../SwiftyJSON/build/Debug-iphoneos/SwiftyJSON.framework"; sourceTree = "<group>"; };
		35B72BD919FDF5DB0081E5E1 /* SwiftyJSON.swift */ = {isa = PBXFileReference; fileEncoding = 4; lastKnownFileType = sourcecode.swift; name = SwiftyJSON.swift; path = ../../SwiftyJSON/SwiftyJSON/SwiftyJSON.swift; sourceTree = "<group>"; };
/* End PBXFileReference section */

/* Begin PBXFrameworksBuildPhase section */
		35B72BA419FDDC580081E5E1 /* Frameworks */ = {
			isa = PBXFrameworksBuildPhase;
			buildActionMask = 2147483647;
			files = (
				35B72BD819FDEF9B0081E5E1 /* SwiftyJSON.framework in Frameworks */,
			);
			runOnlyForDeploymentPostprocessing = 0;
		};
		35B72BB919FDDC580081E5E1 /* Frameworks */ = {
			isa = PBXFrameworksBuildPhase;
			buildActionMask = 2147483647;
			files = (
			);
			runOnlyForDeploymentPostprocessing = 0;
		};
/* End PBXFrameworksBuildPhase section */

/* Begin PBXGroup section */
		35B72B9E19FDDC580081E5E1 = {
			isa = PBXGroup;
			children = (
				35B72BD719FDEF9B0081E5E1 /* SwiftyJSON.framework */,
				35B72BA919FDDC580081E5E1 /* TinySou-Demo */,
				35B72BBF19FDDC580081E5E1 /* TinySou-DemoTests */,
				35B72BA819FDDC580081E5E1 /* Products */,
			);
			sourceTree = "<group>";
		};
		35B72BA819FDDC580081E5E1 /* Products */ = {
			isa = PBXGroup;
			children = (
				35B72BA719FDDC580081E5E1 /* TinySou-Demo.app */,
				35B72BBC19FDDC580081E5E1 /* TinySou-DemoTests.xctest */,
			);
			name = Products;
			sourceTree = "<group>";
		};
		35B72BA919FDDC580081E5E1 /* TinySou-Demo */ = {
			isa = PBXGroup;
			children = (
				35B72BCC19FDDECD0081E5E1 /* Helpers */,
				35B72BAC19FDDC580081E5E1 /* AppDelegate.swift */,
				35B72BAE19FDDC580081E5E1 /* ViewController.swift */,
				35B72BB019FDDC580081E5E1 /* Main.storyboard */,
				35B72BB319FDDC580081E5E1 /* Images.xcassets */,
				35B72BB519FDDC580081E5E1 /* LaunchScreen.xib */,
				35B72BAA19FDDC580081E5E1 /* Supporting Files */,
			);
			path = "TinySou-Demo";
			sourceTree = "<group>";
		};
		35B72BAA19FDDC580081E5E1 /* Supporting Files */ = {
			isa = PBXGroup;
			children = (
				35B72BAB19FDDC580081E5E1 /* Info.plist */,
			);
			name = "Supporting Files";
			sourceTree = "<group>";
		};
		35B72BBF19FDDC580081E5E1 /* TinySou-DemoTests */ = {
			isa = PBXGroup;
			children = (
				35B72BC219FDDC580081E5E1 /* TinySou_DemoTests.swift */,
				35B72BC019FDDC580081E5E1 /* Supporting Files */,
			);
			path = "TinySou-DemoTests";
			sourceTree = "<group>";
		};
		35B72BC019FDDC580081E5E1 /* Supporting Files */ = {
			isa = PBXGroup;
			children = (
				35B72BC119FDDC580081E5E1 /* Info.plist */,
			);
			name = "Supporting Files";
			sourceTree = "<group>";
		};
		35B72BCC19FDDECD0081E5E1 /* Helpers */ = {
			isa = PBXGroup;
			children = (
				35B72BD919FDF5DB0081E5E1 /* SwiftyJSON.swift */,
				35B72BCD19FDDEF10081E5E1 /* TinySouClinet.swift */,
			);
			name = Helpers;
			sourceTree = "<group>";
		};
/* End PBXGroup section */

/* Begin PBXNativeTarget section */
		35B72BA619FDDC580081E5E1 /* TinySou-Demo */ = {
			isa = PBXNativeTarget;
			buildConfigurationList = 35B72BC619FDDC580081E5E1 /* Build configuration list for PBXNativeTarget "TinySou-Demo" */;
			buildPhases = (
				35B72BA319FDDC580081E5E1 /* Sources */,
				35B72BA419FDDC580081E5E1 /* Frameworks */,
				35B72BA519FDDC580081E5E1 /* Resources */,
			);
			buildRules = (
			);
			dependencies = (
			);
			name = "TinySou-Demo";
			productName = "TinySou-Demo";
			productReference = 35B72BA719FDDC580081E5E1 /* TinySou-Demo.app */;
			productType = "com.apple.product-type.application";
		};
		35B72BBB19FDDC580081E5E1 /* TinySou-DemoTests */ = {
			isa = PBXNativeTarget;
			buildConfigurationList = 35B72BC919FDDC580081E5E1 /* Build configuration list for PBXNativeTarget "TinySou-DemoTests" */;
			buildPhases = (
				35B72BB819FDDC580081E5E1 /* Sources */,
				35B72BB919FDDC580081E5E1 /* Frameworks */,
				35B72BBA19FDDC580081E5E1 /* Resources */,
			);
			buildRules = (
			);
			dependencies = (
				35B72BBE19FDDC580081E5E1 /* PBXTargetDependency */,
			);
			name = "TinySou-DemoTests";
			productName = "TinySou-DemoTests";
			productReference = 35B72BBC19FDDC580081E5E1 /* TinySou-DemoTests.xctest */;
			productType = "com.apple.product-type.bundle.unit-test";
		};
/* End PBXNativeTarget section */

/* Begin PBXProject section */
		35B72B9F19FDDC580081E5E1 /* Project object */ = {
			isa = PBXProject;
			attributes = {
				LastUpgradeCheck = 0600;
				ORGANIZATIONNAME = tinysou;
				TargetAttributes = {
					35B72BA619FDDC580081E5E1 = {
						CreatedOnToolsVersion = 6.0.1;
					};
					35B72BBB19FDDC580081E5E1 = {
						CreatedOnToolsVersion = 6.0.1;
						TestTargetID = 35B72BA619FDDC580081E5E1;
					};
				};
			};
			buildConfigurationList = 35B72BA219FDDC580081E5E1 /* Build configuration list for PBXProject "TinySou-Demo" */;
			compatibilityVersion = "Xcode 3.2";
			developmentRegion = English;
			hasScannedForEncodings = 0;
			knownRegions = (
				en,
				Base,
			);
			mainGroup = 35B72B9E19FDDC580081E5E1;
			productRefGroup = 35B72BA819FDDC580081E5E1 /* Products */;
			projectDirPath = "";
			projectRoot = "";
			targets = (
				35B72BA619FDDC580081E5E1 /* TinySou-Demo */,
				35B72BBB19FDDC580081E5E1 /* TinySou-DemoTests */,
			);
		};
/* End PBXProject section */

/* Begin PBXResourcesBuildPhase section */
		35B72BA519FDDC580081E5E1 /* Resources */ = {
			isa = PBXResourcesBuildPhase;
			buildActionMask = 2147483647;
			files = (
				35B72BB219FDDC580081E5E1 /* Main.storyboard in Resources */,
				35B72BB719FDDC580081E5E1 /* LaunchScreen.xib in Resources */,
				35B72BB419FDDC580081E5E1 /* Images.xcassets in Resources */,
			);
			runOnlyForDeploymentPostprocessing = 0;
		};
		35B72BBA19FDDC580081E5E1 /* Resources */ = {
			isa = PBXResourcesBuildPhase;
			buildActionMask = 2147483647;
			files = (
			);
			runOnlyForDeploymentPostprocessing = 0;
		};
/* End PBXResourcesBuildPhase section */

/* Begin PBXSourcesBuildPhase section */
		35B72BA319FDDC580081E5E1 /* Sources */ = {
			isa = PBXSourcesBuildPhase;
			buildActionMask = 2147483647;
			files = (
				35B72BAF19FDDC580081E5E1 /* ViewController.swift in Sources */,
				35B72BCE19FDDEF10081E5E1 /* TinySouClinet.swift in Sources */,
				35B72BAD19FDDC580081E5E1 /* AppDelegate.swift in Sources */,
				35B72BDA19FDF5DB0081E5E1 /* SwiftyJSON.swift in Sources */,
			);
			runOnlyForDeploymentPostprocessing = 0;
		};
		35B72BB819FDDC580081E5E1 /* Sources */ = {
			isa = PBXSourcesBuildPhase;
			buildActionMask = 2147483647;
			files = (
				35B72BC319FDDC580081E5E1 /* TinySou_DemoTests.swift in Sources */,
			);
			runOnlyForDeploymentPostprocessing = 0;
		};
/* End PBXSourcesBuildPhase section */

/* Begin PBXTargetDependency section */
		35B72BBE19FDDC580081E5E1 /* PBXTargetDependency */ = {
			isa = PBXTargetDependency;
			target = 35B72BA619FDDC580081E5E1 /* TinySou-Demo */;
			targetProxy = 35B72BBD19FDDC580081E5E1 /* PBXContainerItemProxy */;
		};
/* End PBXTargetDependency section */

/* Begin PBXVariantGroup section */
		35B72BB019FDDC580081E5E1 /* Main.storyboard */ = {
			isa = PBXVariantGroup;
			children = (
				35B72BB119FDDC580081E5E1 /* Base */,
			);
			name = Main.storyboard;
			sourceTree = "<group>";
		};
		35B72BB519FDDC580081E5E1 /* LaunchScreen.xib */ = {
			isa = PBXVariantGroup;
			children = (
				35B72BB619FDDC580081E5E1 /* Base */,
			);
			name = LaunchScreen.xib;
			sourceTree = "<group>";
		};
/* End PBXVariantGroup section */

/* Begin XCBuildConfiguration section */
		35B72BC419FDDC580081E5E1 /* Debug */ = {
			isa = XCBuildConfiguration;
			buildSettings = {
				ALWAYS_SEARCH_USER_PATHS = NO;
				CLANG_CXX_LANGUAGE_STANDARD = "gnu++0x";
				CLANG_CXX_LIBRARY = "libc++";
				CLANG_ENABLE_MODULES = YES;
				CLANG_ENABLE_OBJC_ARC = YES;
				CLANG_WARN_BOOL_CONVERSION = YES;
				CLANG_WARN_CONSTANT_CONVERSION = YES;
				CLANG_WARN_DIRECT_OBJC_ISA_USAGE = YES_ERROR;
				CLANG_WARN_EMPTY_BODY = YES;
				CLANG_WARN_ENUM_CONVERSION = YES;
				CLANG_WARN_INT_CONVERSION = YES;
				CLANG_WARN_OBJC_ROOT_CLASS = YES_ERROR;
				CLANG_WARN_UNREACHABLE_CODE = YES;
				CLANG_WARN__DUPLICATE_METHOD_MATCH = YES;
				"CODE_SIGN_IDENTITY[sdk=iphoneos*]" = "iPhone Developer";
				COPY_PHASE_STRIP = NO;
				ENABLE_STRICT_OBJC_MSGSEND = YES;
				GCC_C_LANGUAGE_STANDARD = gnu99;
				GCC_DYNAMIC_NO_PIC = NO;
				GCC_OPTIMIZATION_LEVEL = 0;
				GCC_PREPROCESSOR_DEFINITIONS = (
					"DEBUG=1",
					"$(inherited)",
				);
				GCC_SYMBOLS_PRIVATE_EXTERN = NO;
				GCC_WARN_64_TO_32_BIT_CONVERSION = YES;
				GCC_WARN_ABOUT_RETURN_TYPE = YES_ERROR;
				GCC_WARN_UNDECLARED_SELECTOR = YES;
				GCC_WARN_UNINITIALIZED_AUTOS = YES_AGGRESSIVE;
				GCC_WARN_UNUSED_FUNCTION = YES;
				GCC_WARN_UNUSED_VARIABLE = YES;
				IPHONEOS_DEPLOYMENT_TARGET = 8.0;
				MTL_ENABLE_DEBUG_INFO = YES;
				ONLY_ACTIVE_ARCH = YES;
				SDKROOT = iphoneos;
				SWIFT_OPTIMIZATION_LEVEL = "-Onone";
			};
			name = Debug;
		};
		35B72BC519FDDC580081E5E1 /* Release */ = {
			isa = XCBuildConfiguration;
			buildSettings = {
				ALWAYS_SEARCH_USER_PATHS = NO;
				CLANG_CXX_LANGUAGE_STANDARD = "gnu++0x";
				CLANG_CXX_LIBRARY = "libc++";
				CLANG_ENABLE_MODULES = YES;
				CLANG_ENABLE_OBJC_ARC = YES;
				CLANG_WARN_BOOL_CONVERSION = YES;
				CLANG_WARN_CONSTANT_CONVERSION = YES;
				CLANG_WARN_DIRECT_OBJC_ISA_USAGE = YES_ERROR;
				CLANG_WARN_EMPTY_BODY = YES;
				CLANG_WARN_ENUM_CONVERSION = YES;
				CLANG_WARN_INT_CONVERSION = YES;
				CLANG_WARN_OBJC_ROOT_CLASS = YES_ERROR;
				CLANG_WARN_UNREACHABLE_CODE = YES;
				CLANG_WARN__DUPLICATE_METHOD_MATCH = YES;
				"CODE_SIGN_IDENTITY[sdk=iphoneos*]" = "iPhone Developer";
				COPY_PHASE_STRIP = YES;
				ENABLE_NS_ASSERTIONS = NO;
				ENABLE_STRICT_OBJC_MSGSEND = YES;
				GCC_C_LANGUAGE_STANDARD = gnu99;
				GCC_WARN_64_TO_32_BIT_CONVERSION = YES;
				GCC_WARN_ABOUT_RETURN_TYPE = YES_ERROR;
				GCC_WARN_UNDECLARED_SELECTOR = YES;
				GCC_WARN_UNINITIALIZED_AUTOS = YES_AGGRESSIVE;
				GCC_WARN_UNUSED_FUNCTION = YES;
				GCC_WARN_UNUSED_VARIABLE = YES;
				IPHONEOS_DEPLOYMENT_TARGET = 8.0;
				MTL_ENABLE_DEBUG_INFO = NO;
				SDKROOT = iphoneos;
				VALIDATE_PRODUCT = YES;
			};
			name = Release;
		};
		35B72BC719FDDC580081E5E1 /* Debug */ = {
			isa = XCBuildConfiguration;
			buildSettings = {
				ASSETCATALOG_COMPILER_APPICON_NAME = AppIcon;
				FRAMEWORK_SEARCH_PATHS = (
					"$(inherited)",
					"/Users/freestorm/Workspace/ios/SwiftyJSON/build/Debug-iphoneos",
					/Users/freestorm/Workspace/ios/SwiftyJSON/build/Debug,
				);
				INFOPLIST_FILE = "TinySou-Demo/Info.plist";
				LD_RUNPATH_SEARCH_PATHS = "$(inherited) @executable_path/Frameworks";
				PRODUCT_NAME = "$(TARGET_NAME)";
			};
			name = Debug;
		};
		35B72BC819FDDC580081E5E1 /* Release */ = {
			isa = XCBuildConfiguration;
			buildSettings = {
				ASSETCATALOG_COMPILER_APPICON_NAME = AppIcon;
				FRAMEWORK_SEARCH_PATHS = (
					"$(inherited)",
					"/Users/freestorm/Workspace/ios/SwiftyJSON/build/Debug-iphoneos",
					/Users/freestorm/Workspace/ios/SwiftyJSON/build/Debug,
				);
				INFOPLIST_FILE = "TinySou-Demo/Info.plist";
				LD_RUNPATH_SEARCH_PATHS = "$(inherited) @executable_path/Frameworks";
				PRODUCT_NAME = "$(TARGET_NAME)";
			};
			name = Release;
		};
		35B72BCA19FDDC580081E5E1 /* Debug */ = {
			isa = XCBuildConfiguration;
			buildSettings = {
				BUNDLE_LOADER = "$(TEST_HOST)";
				FRAMEWORK_SEARCH_PATHS = (
					"$(SDKROOT)/Developer/Library/Frameworks",
					"$(inherited)",
				);
				GCC_PREPROCESSOR_DEFINITIONS = (
					"DEBUG=1",
					"$(inherited)",
				);
				INFOPLIST_FILE = "TinySou-DemoTests/Info.plist";
				LD_RUNPATH_SEARCH_PATHS = "$(inherited) @executable_path/Frameworks @loader_path/Frameworks";
				PRODUCT_NAME = "$(TARGET_NAME)";
				TEST_HOST = "$(BUILT_PRODUCTS_DIR)/TinySou-Demo.app/TinySou-Demo";
			};
			name = Debug;
		};
		35B72BCB19FDDC580081E5E1 /* Release */ = {
			isa = XCBuildConfiguration;
			buildSettings = {
				BUNDLE_LOADER = "$(TEST_HOST)";
				FRAMEWORK_SEARCH_PATHS = (
					"$(SDKROOT)/Developer/Library/Frameworks",
					"$(inherited)",
				);
				INFOPLIST_FILE = "TinySou-DemoTests/Info.plist";
				LD_RUNPATH_SEARCH_PATHS = "$(inherited) @executable_path/Frameworks @loader_path/Frameworks";
				PRODUCT_NAME = "$(TARGET_NAME)";
				TEST_HOST = "$(BUILT_PRODUCTS_DIR)/TinySou-Demo.app/TinySou-Demo";
			};
			name = Release;
		};
/* End XCBuildConfiguration section */

/* Begin XCConfigurationList section */
		35B72BA219FDDC580081E5E1 /* Build configuration list for PBXProject "TinySou-Demo" */ = {
			isa = XCConfigurationList;
			buildConfigurations = (
				35B72BC419FDDC580081E5E1 /* Debug */,
				35B72BC519FDDC580081E5E1 /* Release */,
			);
			defaultConfigurationIsVisible = 0;
			defaultConfigurationName = Release;
		};
		35B72BC619FDDC580081E5E1 /* Build configuration list for PBXNativeTarget "TinySou-Demo" */ = {
			isa = XCConfigurationList;
			buildConfigurations = (
				35B72BC719FDDC580081E5E1 /* Debug */,
				35B72BC819FDDC580081E5E1 /* Release */,
			);
			defaultConfigurationIsVisible = 0;
		};
		35B72BC919FDDC580081E5E1 /* Build configuration list for PBXNativeTarget "TinySou-DemoTests" */ = {
			isa = XCConfigurationList;
			buildConfigurations = (
				35B72BCA19FDDC580081E5E1 /* Debug */,
				35B72BCB19FDDC580081E5E1 /* Release */,
			);
			defaultConfigurationIsVisible = 0;
		};
/* End XCConfigurationList section */
	};
	rootObject = 35B72B9F19FDDC580081E5E1 /* Project object */;
}
